
Microsoft Visual Studio Solution File, Format Version 11.00
# Visual Studio 2010
Project("{FAE04EC0-301F-11D3-BF4B-00C04F79EFBC}") = "MonoDevelop.VersionControl.Git", "MonoDevelop.VersionControl.Git\MonoDevelop.VersionControl.Git.csproj", "{DD267FB3-B4F3-485B-8CF9-9CB4E7128F86}"
EndProject
Global
	GlobalSection(SolutionConfigurationPlatforms) = preSolution
		Debug|Any CPU = Debug|Any CPU
		Release|Any CPU = Release|Any CPU
	EndGlobalSection
	GlobalSection(ProjectConfigurationPlatforms) = postSolution
		{DD267FB3-B4F3-485B-8CF9-9CB4E7128F86}.Debug|Any CPU.ActiveCfg = Debug|Any CPU
		{DD267FB3-B4F3-485B-8CF9-9CB4E7128F86}.Debug|Any CPU.Build.0 = Debug|Any CPU
		{DD267FB3-B4F3-485B-8CF9-9CB4E7128F86}.Release|Any CPU.ActiveCfg = Release|Any CPU
		{DD267FB3-B4F3-485B-8CF9-9CB4E7128F86}.Release|Any CPU.Build.0 = Release|Any CPU
	EndGlobalSection
	GlobalSection(MonoDevelopProperties) = preSolution
		StartupItem = MonoDevelop.VersionControl.Git\MonoDevelop.VersionControl.Git.csproj
		Policies = $0
		$0.DotNetNamingPolicy = $1
		$1.DirectoryNamespaceAssociation = None
		$1.ResourceNamePolicy = FileFormatDefault
		$0.TextStylePolicy = $2
		$2.inheritsSet = null
		$2.scope = text/x-csharp
		$0.CSharpFormattingPolicy = $3
		$3.inheritsSet = Mono
		$3.inheritsScope = text/x-csharp
		$3.scope = text/x-csharp
		$0.TextStylePolicy = $4
		$4.FileWidth = 120
		$4.TabWidth = 4
		$4.inheritsSet = Mono
		$4.inheritsScope = text/plain
		$4.scope = text/plain
		$0.TextStylePolicy = $5
		$5.inheritsSet = null
		$5.scope = application/x-addin+xml
		$0.TextStylePolicy = $6
		$6.inheritsSet = null
		$6.scope = application/xml
		$0.StandardHeader = $7
		$7.Text = 
		$7.inheritsSet = Apache2License
		$0.VersionControlPolicy = $8
		$8.inheritsSet = Mono
		$0.ChangeLogPolicy = $9
		$9.UpdateMode = None
		$9.MessageStyle = $10
		$10.LineAlign = 0
		$9.inheritsSet = Mono
	EndGlobalSection
	GlobalSection(SolutionProperties) = preSolution
		HideSolutionNode = FALSE
	EndGlobalSection
EndGlobal
